
Microsoft Visual Studio Solution File, Format Version 12.00
# Visual Studio Version 17
VisualStudioVersion = 17.13.35913.81 d17.13
MinimumVisualStudioVersion = 10.0.40219.1
Project("{FAE04EC0-301F-11D3-BF4B-00C04F79EFBC}") = "LojaSeven", "LojaSeven.csproj", "{38998B70-2F6A-4896-BE90-30C8240D41CB}"
EndProject
Global
	GlobalSection(SolutionConfigurationPlatforms) = preSolution
		Debug|Any CPU = Debug|Any CPU
		Release|Any CPU = Release|Any CPU
	EndGlobalSection
	GlobalSection(ProjectConfigurationPlatforms) = postSolution
		{38998B70-2F6A-4896-BE90-30C8240D41CB}.Debug|Any CPU.ActiveCfg = Debug|Any CPU
		{38998B70-2F6A-4896-BE90-30C8240D41CB}.Debug|Any CPU.Build.0 = Debug|Any CPU
		{38998B70-2F6A-4896-BE90-30C8240D41CB}.Release|Any CPU.ActiveCfg = Release|Any CPU
		{38998B70-2F6A-4896-BE90-30C8240D41CB}.Release|Any CPU.Build.0 = Release|Any CPU
	EndGlobalSection
	GlobalSection(SolutionProperties) = preSolution
		HideSolutionNode = FALSE
	EndGlobalSection
	GlobalSection(ExtensibilityGlobals) = postSolution
		SolutionGuid = {D5391536-2E4E-4652-B58D-4ED1CFCE0955}
	EndGlobalSection
EndGlobal
